PODS:
  - Alamofire (5.4.4)
  - SwiftSpinner (2.2.0)
  - SwiftyJSON (5.0.1)

DEPENDENCIES:
  - Alamofire
  - SwiftSpinner
  - SwiftyJSON

SPEC REPOS:
  trunk:
    - Alamofire
    - SwiftSpinner
    - SwiftyJSON

SPEC CHECKSUMS:
  Alamofire: f3b09a368f1582ab751b3fff5460276e0d2cf5c9
  SwiftSpinner: f9b59477fe107427f2b5b835497d6636fa167ede
  SwiftyJSON: 2f33a42c6fbc52764d96f13368585094bfd8aa5e

PODFILE CHECKSUM: b7ba8762fe665478d1f876c822ffe3cf58d9bce3

COCOAPODS: 1.11.2
